{
  "name": "mojs",
  "version": "1.0.0",
  "lockfileVersion": 1,
  "requires": true,
  "dependencies": {
    "@mojs/player": {
      "version": "1.0.0",
      "resolved": "https://registry.npmjs.org/@mojs/player/-/player-1.0.0.tgz",
      "integrity": "sha512-8kk1CFCkwetqELD7kAKwD3tYZ+6wH92CQ8fChGdv8lKtNt+AdpI4Z1W0GkMi0Cp/5x8ZiQLWXKBwT1XzrFqnuA==",
      "requires": {
        "classlist-polyfill": "^1.0.2",
        "hammerjs": "^2.0.6"
      }
    },
    "classlist-polyfill": {
      "version": "1.2.0",
      "resolved": "https://registry.npmjs.org/classlist-polyfill/-/classlist-polyfill-1.2.0.tgz",
      "integrity": "sha1-k1vC39lFiodrJ5YXUUY4vKqWSi4="
    },
    "hammerjs": {
      "version": "2.0.8",
      "resolved": "https://registry.npmjs.org/hammerjs/-/hammerjs-2.0.8.tgz",
      "integrity": "sha1-BO93hiz/K7edMPdpIJWTAiK/YPE="
    }
  }
}
